
Microsoft Visual Studio Solution File, Format Version 12.00
# Visual Studio Version 16
VisualStudioVersion = 16.0.29728.190
MinimumVisualStudioVersion = 10.0.40219.1
Project("{FAE04EC0-301F-11D3-BF4B-00C04F79EFBC}") = "SpaceTrader", "SpaceTrader\SpaceTrader.csproj", "{77C3EC58-202A-450E-8EF0-B1467F5733DC}"
EndProject
Global
	GlobalSection(SolutionConfigurationPlatforms) = preSolution
		Debug|Any CPU = Debug|Any CPU
		Release|Any CPU = Release|Any CPU
	EndGlobalSection
	GlobalSection(ProjectConfigurationPlatforms) = postSolution
		{77C3EC58-202A-450E-8EF0-B1467F5733DC}.Debug|Any CPU.ActiveCfg = Debug|Any CPU
		{77C3EC58-202A-450E-8EF0-B1467F5733DC}.Debug|Any CPU.Build.0 = Debug|Any CPU
		{77C3EC58-202A-450E-8EF0-B1467F5733DC}.Release|Any CPU.ActiveCfg = Release|Any CPU
		{77C3EC58-202A-450E-8EF0-B1467F5733DC}.Release|Any CPU.Build.0 = Release|Any CPU
	EndGlobalSection
	GlobalSection(SolutionProperties) = preSolution
		HideSolutionNode = FALSE
	EndGlobalSection
	GlobalSection(ExtensibilityGlobals) = postSolution
		SolutionGuid = {F8EB2D14-3CC7-4FA0-B22D-8CB225C5140A}
	EndGlobalSection
EndGlobal
